
Microsoft Visual Studio Solution File, Format Version 12.00
# Visual Studio Version 16
VisualStudioVersion = 16.0.29911.84
MinimumVisualStudioVersion = 10.0.40219.1
Project("{FAE04EC0-301F-11D3-BF4B-00C04F79EFBC}") = "EnverSoftExerciseTest", "EnverSoftExercise2\EnverSoftExerciseTest.csproj", "{D1D4CC90-B466-4873-B47D-D9A7CB7D39E4}"
EndProject
Project("{FAE04EC0-301F-11D3-BF4B-00C04F79EFBC}") = "EnverSoftExcerciseConsole", "EnversoftExcercise\EnverSoftExcerciseConsole.csproj", "{42EFF6B5-0825-46FA-B3BE-0D0B19790E6B}"
EndProject
Project("{9A19103F-16F7-4668-BE54-9A1E7A4F7556}") = "FileHandler", "FileHandler\FileHandler.csproj", "{2EB3F558-87A7-465F-9D30-D4E3492CE118}"
EndProject
Project("{9A19103F-16F7-4668-BE54-9A1E7A4F7556}") = "ProcessInput", "ProcessInput\ProcessInput.csproj", "{D84C8FE9-0E50-4C34-A608-BCFC60330D22}"
EndProject
Global
	GlobalSection(SolutionConfigurationPlatforms) = preSolution
		Debug|Any CPU = Debug|Any CPU
		Release|Any CPU = Release|Any CPU
	EndGlobalSection
	GlobalSection(ProjectConfigurationPlatforms) = postSolution
		{D1D4CC90-B466-4873-B47D-D9A7CB7D39E4}.Debug|Any CPU.ActiveCfg = Debug|Any CPU
		{D1D4CC90-B466-4873-B47D-D9A7CB7D39E4}.Debug|Any CPU.Build.0 = Debug|Any CPU
		{D1D4CC90-B466-4873-B47D-D9A7CB7D39E4}.Release|Any CPU.ActiveCfg = Release|Any CPU
		{D1D4CC90-B466-4873-B47D-D9A7CB7D39E4}.Release|Any CPU.Build.0 = Release|Any CPU
		{42EFF6B5-0825-46FA-B3BE-0D0B19790E6B}.Debug|Any CPU.ActiveCfg = Debug|Any CPU
		{42EFF6B5-0825-46FA-B3BE-0D0B19790E6B}.Debug|Any CPU.Build.0 = Debug|Any CPU
		{42EFF6B5-0825-46FA-B3BE-0D0B19790E6B}.Release|Any CPU.ActiveCfg = Release|Any CPU
		{42EFF6B5-0825-46FA-B3BE-0D0B19790E6B}.Release|Any CPU.Build.0 = Release|Any CPU
		{2EB3F558-87A7-465F-9D30-D4E3492CE118}.Debug|Any CPU.ActiveCfg = Debug|Any CPU
		{2EB3F558-87A7-465F-9D30-D4E3492CE118}.Debug|Any CPU.Build.0 = Debug|Any CPU
		{2EB3F558-87A7-465F-9D30-D4E3492CE118}.Release|Any CPU.ActiveCfg = Release|Any CPU
		{2EB3F558-87A7-465F-9D30-D4E3492CE118}.Release|Any CPU.Build.0 = Release|Any CPU
		{D84C8FE9-0E50-4C34-A608-BCFC60330D22}.Debug|Any CPU.ActiveCfg = Debug|Any CPU
		{D84C8FE9-0E50-4C34-A608-BCFC60330D22}.Debug|Any CPU.Build.0 = Debug|Any CPU
		{D84C8FE9-0E50-4C34-A608-BCFC60330D22}.Release|Any CPU.ActiveCfg = Release|Any CPU
		{D84C8FE9-0E50-4C34-A608-BCFC60330D22}.Release|Any CPU.Build.0 = Release|Any CPU
	EndGlobalSection
	GlobalSection(SolutionProperties) = preSolution
		HideSolutionNode = FALSE
	EndGlobalSection
	GlobalSection(ExtensibilityGlobals) = postSolution
		SolutionGuid = {A41D7C72-3017-437D-B547-49DED2238C66}
	EndGlobalSection
EndGlobal
